{
  "name": "vuln-demo",
  "version": "1.0.0",
  "lockfileVersion": 3,
  "requires": true,
  "packages": {
    "": {
      "name": "vuln-demo",
      "version": "1.0.0",
      "dependencies": {
        "reactt": "1.0.0",
        "lodash": "^4.17.0"
      }
    },
    "node_modules/lodash": {
      "version": "4.17.11"
    },
    "node_modules/reactt": {
      "version": "1.0.0"
    }
  }
}
